
Microsoft Visual Studio Solution File, Format Version 12.00
# Visual Studio Version 17
VisualStudioVersion = 17.7.34221.43
MinimumVisualStudioVersion = 10.0.40219.1
Project("{FAE04EC0-301F-11D3-BF4B-00C04F79EFBC}") = "AreaCalculatorLib", "AreaCalculatorLib\AreaCalculatorLib.csproj", "{7BCF4490-CF9E-446D-937D-DA5BD5531332}"
EndProject
Global
	GlobalSection(SolutionConfigurationPlatforms) = preSolution
		Debug|Any CPU = Debug|Any CPU
		Release|Any CPU = Release|Any CPU
	EndGlobalSection
	GlobalSection(ProjectConfigurationPlatforms) = postSolution
		{7BCF4490-CF9E-446D-937D-DA5BD5531332}.Debug|Any CPU.ActiveCfg = Debug|Any CPU
		{7BCF4490-CF9E-446D-937D-DA5BD5531332}.Debug|Any CPU.Build.0 = Debug|Any CPU
		{7BCF4490-CF9E-446D-937D-DA5BD5531332}.Release|Any CPU.ActiveCfg = Release|Any CPU
		{7BCF4490-CF9E-446D-937D-DA5BD5531332}.Release|Any CPU.Build.0 = Release|Any CPU
	EndGlobalSection
	GlobalSection(SolutionProperties) = preSolution
		HideSolutionNode = FALSE
	EndGlobalSection
	GlobalSection(ExtensibilityGlobals) = postSolution
		SolutionGuid = {3449B4E0-90F5-4E0B-96C2-BA58738A6A47}
	EndGlobalSection
EndGlobal
